
Microsoft Visual Studio Solution File, Format Version 12.00
# Visual Studio Version 17
VisualStudioVersion = 17.2.32526.322
MinimumVisualStudioVersion = 10.0.40219.1
Project("{9A19103F-16F7-4668-BE54-9A1E7A4F7556}") = "MetaforasUserID.Api", "MetaforasUserID.Api\MetaforasUserID.Api.csproj", "{9FF6FF24-D6A1-48E5-8E1F-CEB19D631102}"
EndProject
Project("{9A19103F-16F7-4668-BE54-9A1E7A4F7556}") = "MetaforasUserID.Infra", "MetaforasUserID.Infra\MetaforasUserID.Infra.csproj", "{853E606D-6630-4A94-B693-6F6F1E39B3D4}"
EndProject
Project("{9A19103F-16F7-4668-BE54-9A1E7A4F7556}") = "MetaforasUserID.Domain", "MetaforasUserID.Domain\MetaforasUserID.Domain.csproj", "{3238AEA8-E6DB-4841-904D-29B1ABD82D5A}"
EndProject
Project("{9A19103F-16F7-4668-BE54-9A1E7A4F7556}") = "MetaforasUserID.Application", "MetaforasUserID.Application\MetaforasUserID.Application.csproj", "{6D47D0E2-EDFD-41CC-A5A7-0235CAC1D3B2}"
EndProject
Global
	GlobalSection(SolutionConfigurationPlatforms) = preSolution
		Debug|Any CPU = Debug|Any CPU
		Release|Any CPU = Release|Any CPU
	EndGlobalSection
	GlobalSection(ProjectConfigurationPlatforms) = postSolution
		{9FF6FF24-D6A1-48E5-8E1F-CEB19D631102}.Debug|Any CPU.ActiveCfg = Debug|Any CPU
		{9FF6FF24-D6A1-48E5-8E1F-CEB19D631102}.Debug|Any CPU.Build.0 = Debug|Any CPU
		{9FF6FF24-D6A1-48E5-8E1F-CEB19D631102}.Release|Any CPU.ActiveCfg = Release|Any CPU
		{9FF6FF24-D6A1-48E5-8E1F-CEB19D631102}.Release|Any CPU.Build.0 = Release|Any CPU
		{853E606D-6630-4A94-B693-6F6F1E39B3D4}.Debug|Any CPU.ActiveCfg = Debug|Any CPU
		{853E606D-6630-4A94-B693-6F6F1E39B3D4}.Debug|Any CPU.Build.0 = Debug|Any CPU
		{853E606D-6630-4A94-B693-6F6F1E39B3D4}.Release|Any CPU.ActiveCfg = Release|Any CPU
		{853E606D-6630-4A94-B693-6F6F1E39B3D4}.Release|Any CPU.Build.0 = Release|Any CPU
		{3238AEA8-E6DB-4841-904D-29B1ABD82D5A}.Debug|Any CPU.ActiveCfg = Debug|Any CPU
		{3238AEA8-E6DB-4841-904D-29B1ABD82D5A}.Debug|Any CPU.Build.0 = Debug|Any CPU
		{3238AEA8-E6DB-4841-904D-29B1ABD82D5A}.Release|Any CPU.ActiveCfg = Release|Any CPU
		{3238AEA8-E6DB-4841-904D-29B1ABD82D5A}.Release|Any CPU.Build.0 = Release|Any CPU
		{6D47D0E2-EDFD-41CC-A5A7-0235CAC1D3B2}.Debug|Any CPU.ActiveCfg = Debug|Any CPU
		{6D47D0E2-EDFD-41CC-A5A7-0235CAC1D3B2}.Debug|Any CPU.Build.0 = Debug|Any CPU
		{6D47D0E2-EDFD-41CC-A5A7-0235CAC1D3B2}.Release|Any CPU.ActiveCfg = Release|Any CPU
		{6D47D0E2-EDFD-41CC-A5A7-0235CAC1D3B2}.Release|Any CPU.Build.0 = Release|Any CPU
	EndGlobalSection
	GlobalSection(SolutionProperties) = preSolution
		HideSolutionNode = FALSE
	EndGlobalSection
	GlobalSection(ExtensibilityGlobals) = postSolution
		SolutionGuid = {171A30BC-868E-4600-88B7-77D93B0AC11D}
	EndGlobalSection
EndGlobal
